Microsoft Visual Studio Solution File, Format Version 12.00
# Visual Studio Version 17
VisualStudioVersion = 17.13.35919.96
MinimumVisualStudioVersion = 10.0.40219.1
Project("{FAE04EC0-301F-11D3-BF4B-00C04F79EFBC}") = "GuessWho.App", "GuessWho.App\GuessWho.App.csproj", "{C8A8F922-39D7-4C31-95C8-BF3990A43E76}"
EndProject
Project("{FAE04EC0-301F-11D3-BF4B-00C04F79EFBC}") = "GuessWho.Library", "GuessWho.Library\GuessWho.Library.csproj", "{57D838E2-32AC-4B8A-89F8-B2331483CF18}"
EndProject
Project("{2150E333-8FDC-42A3-9474-1A3956D46DE8}") = "Example", "Example", "{02EA681E-C7D8-13C7-8484-4AC65E1B71E8}"
EndProject
Project("{FAE04EC0-301F-11D3-BF4B-00C04F79EFBC}") = "ServerSOAP", "Example\ServerSOAP\ServerSOAP.csproj", "{4F93814D-C3FF-4228-9719-855C7B2D5FF5}"
EndProject
Project("{FAE04EC0-301F-11D3-BF4B-00C04F79EFBC}") = "ServerWCF", "Example\ServerWCF\ServerWCF.csproj", "{706D5093-7852-4741-B0F0-853AC5784DBB}"
EndProject
Project("{FAE04EC0-301F-11D3-BF4B-00C04F79EFBC}") = "ClientConsole", "Example\ClientConsole\ClientConsole.csproj", "{7019B003-1AF8-4379-B87F-EA92BCC21EDB}"
EndProject
Project("{FAE04EC0-301F-11D3-BF4B-00C04F79EFBC}") = "ClientConsoleFramework", "Example\ClientConsoleFramework\ClientConsoleFramework.csproj", "{34746933-5099-4D4B-9DFA-CF649C796F4C}"
EndProject
Project("{FAE04EC0-301F-11D3-BF4B-00C04F79EFBC}") = "ClientWinForms", "Example\ClientWinForms\ClientWinForms.csproj", "{DDAB5D95-B006-42BC-A999-6C566A13C429}"
EndProject
Project("{FAE04EC0-301F-11D3-BF4B-00C04F79EFBC}") = "ServerWebAPI", "Example\ServerWebAPI\ServerWebAPI.csproj", "{E091D823-2C2D-47DE-9B78-8D06E928C9D4}"
EndProject
Project("{FAE04EC0-301F-11D3-BF4B-00C04F79EFBC}") = "ClientWinFormsFramework", "Example\ClientWinFormsFramework\ClientWinFormsFramework.csproj", "{B065E850-FEB9-4611-A439-6F09EF3C1601}"
EndProject
Project("{FAE04EC0-301F-11D3-BF4B-00C04F79EFBC}") = "ServerWebAPIFramework", "Example\ServerWebAPIFramework\ServerWebAPIFramework.csproj", "{59B91EE7-2164-46E5-AB4F-449E35C8756A}"
EndProject
Project("{FAE04EC0-301F-11D3-BF4B-00C04F79EFBC}") = "ClientService", "Example\ClientService\ClientService.csproj", "{1C0B633F-24D8-4CFC-8633-FC438089B07B}"
EndProject
Project("{FAE04EC0-301F-11D3-BF4B-00C04F79EFBC}") = "ClientServiceFramework", "Example\ClientServiceFramework\ClientServiceFramework.csproj", "{4305D56B-1C4E-4EC2-BBF7-B705E67F3CEF}"
EndProject
Global
	GlobalSection(SolutionConfigurationPlatforms) = preSolution
		Debug|Any CPU = Debug|Any CPU
		Release|Any CPU = Release|Any CPU
	EndGlobalSection
	GlobalSection(ProjectConfigurationPlatforms) = postSolution
		{C8A8F922-39D7-4C31-95C8-BF3990A43E76}.Debug|Any CPU.ActiveCfg = Debug|Any CPU
		{C8A8F922-39D7-4C31-95C8-BF3990A43E76}.Debug|Any CPU.Build.0 = Debug|Any CPU
		{C8A8F922-39D7-4C31-95C8-BF3990A43E76}.Release|Any CPU.ActiveCfg = Release|Any CPU
		{C8A8F922-39D7-4C31-95C8-BF3990A43E76}.Release|Any CPU.Build.0 = Release|Any CPU
		{57D838E2-32AC-4B8A-89F8-B2331483CF18}.Debug|Any CPU.ActiveCfg = Debug|Any CPU
		{57D838E2-32AC-4B8A-89F8-B2331483CF18}.Debug|Any CPU.Build.0 = Debug|Any CPU
		{57D838E2-32AC-4B8A-89F8-B2331483CF18}.Release|Any CPU.ActiveCfg = Release|Any CPU
		{57D838E2-32AC-4B8A-89F8-B2331483CF18}.Release|Any CPU.Build.0 = Release|Any CPU
		{4F93814D-C3FF-4228-9719-855C7B2D5FF5}.Debug|Any CPU.ActiveCfg = Debug|Any CPU
		{4F93814D-C3FF-4228-9719-855C7B2D5FF5}.Debug|Any CPU.Build.0 = Debug|Any CPU
		{4F93814D-C3FF-4228-9719-855C7B2D5FF5}.Release|Any CPU.ActiveCfg = Release|Any CPU
		{4F93814D-C3FF-4228-9719-855C7B2D5FF5}.Release|Any CPU.Build.0 = Release|Any CPU
		{706D5093-7852-4741-B0F0-853AC5784DBB}.Debug|Any CPU.ActiveCfg = Debug|Any CPU
		{706D5093-7852-4741-B0F0-853AC5784DBB}.Debug|Any CPU.Build.0 = Debug|Any CPU
		{706D5093-7852-4741-B0F0-853AC5784DBB}.Release|Any CPU.ActiveCfg = Release|Any CPU
		{706D5093-7852-4741-B0F0-853AC5784DBB}.Release|Any CPU.Build.0 = Release|Any CPU
		{7019B003-1AF8-4379-B87F-EA92BCC21EDB}.Debug|Any CPU.ActiveCfg = Debug|Any CPU
		{7019B003-1AF8-4379-B87F-EA92BCC21EDB}.Debug|Any CPU.Build.0 = Debug|Any CPU
		{7019B003-1AF8-4379-B87F-EA92BCC21EDB}.Release|Any CPU.ActiveCfg = Release|Any CPU
		{7019B003-1AF8-4379-B87F-EA92BCC21EDB}.Release|Any CPU.Build.0 = Release|Any CPU
		{34746933-5099-4D4B-9DFA-CF649C796F4C}.Debug|Any CPU.ActiveCfg = Debug|Any CPU
		{34746933-5099-4D4B-9DFA-CF649C796F4C}.Debug|Any CPU.Build.0 = Debug|Any CPU
		{34746933-5099-4D4B-9DFA-CF649C796F4C}.Release|Any CPU.ActiveCfg = Release|Any CPU
		{34746933-5099-4D4B-9DFA-CF649C796F4C}.Release|Any CPU.Build.0 = Release|Any CPU
		{DDAB5D95-B006-42BC-A999-6C566A13C429}.Debug|Any CPU.ActiveCfg = Debug|Any CPU
		{DDAB5D95-B006-42BC-A999-6C566A13C429}.Debug|Any CPU.Build.0 = Debug|Any CPU
		{DDAB5D95-B006-42BC-A999-6C566A13C429}.Release|Any CPU.ActiveCfg = Release|Any CPU
		{DDAB5D95-B006-42BC-A999-6C566A13C429}.Release|Any CPU.Build.0 = Release|Any CPU
		{E091D823-2C2D-47DE-9B78-8D06E928C9D4}.Debug|Any CPU.ActiveCfg = Debug|Any CPU
		{E091D823-2C2D-47DE-9B78-8D06E928C9D4}.Debug|Any CPU.Build.0 = Debug|Any CPU
		{E091D823-2C2D-47DE-9B78-8D06E928C9D4}.Release|Any CPU.ActiveCfg = Release|Any CPU
		{E091D823-2C2D-47DE-9B78-8D06E928C9D4}.Release|Any CPU.Build.0 = Release|Any CPU
		{B065E850-FEB9-4611-A439-6F09EF3C1601}.Debug|Any CPU.ActiveCfg = Debug|Any CPU
		{B065E850-FEB9-4611-A439-6F09EF3C1601}.Debug|Any CPU.Build.0 = Debug|Any CPU
		{B065E850-FEB9-4611-A439-6F09EF3C1601}.Release|Any CPU.ActiveCfg = Release|Any CPU
		{B065E850-FEB9-4611-A439-6F09EF3C1601}.Release|Any CPU.Build.0 = Release|Any CPU
		{59B91EE7-2164-46E5-AB4F-449E35C8756A}.Debug|Any CPU.ActiveCfg = Debug|Any CPU
		{59B91EE7-2164-46E5-AB4F-449E35C8756A}.Debug|Any CPU.Build.0 = Debug|Any CPU
		{59B91EE7-2164-46E5-AB4F-449E35C8756A}.Release|Any CPU.ActiveCfg = Release|Any CPU
		{59B91EE7-2164-46E5-AB4F-449E35C8756A}.Release|Any CPU.Build.0 = Release|Any CPU
		{1C0B633F-24D8-4CFC-8633-FC438089B07B}.Debug|Any CPU.ActiveCfg = Debug|Any CPU
		{1C0B633F-24D8-4CFC-8633-FC438089B07B}.Debug|Any CPU.Build.0 = Debug|Any CPU
		{1C0B633F-24D8-4CFC-8633-FC438089B07B}.Release|Any CPU.ActiveCfg = Release|Any CPU
		{1C0B633F-24D8-4CFC-8633-FC438089B07B}.Release|Any CPU.Build.0 = Release|Any CPU
		{4305D56B-1C4E-4EC2-BBF7-B705E67F3CEF}.Debug|Any CPU.ActiveCfg = Debug|Any CPU
		{4305D56B-1C4E-4EC2-BBF7-B705E67F3CEF}.Debug|Any CPU.Build.0 = Debug|Any CPU
		{4305D56B-1C4E-4EC2-BBF7-B705E67F3CEF}.Release|Any CPU.ActiveCfg = Release|Any CPU
		{4305D56B-1C4E-4EC2-BBF7-B705E67F3CEF}.Release|Any CPU.Build.0 = Release|Any CPU
	EndGlobalSection
	GlobalSection(SolutionProperties) = preSolution
		HideSolutionNode = FALSE
	EndGlobalSection
	GlobalSection(NestedProjects) = preSolution
		{4F93814D-C3FF-4228-9719-855C7B2D5FF5} = {02EA681E-C7D8-13C7-8484-4AC65E1B71E8}
		{706D5093-7852-4741-B0F0-853AC5784DBB} = {02EA681E-C7D8-13C7-8484-4AC65E1B71E8}
		{7019B003-1AF8-4379-B87F-EA92BCC21EDB} = {02EA681E-C7D8-13C7-8484-4AC65E1B71E8}
		{34746933-5099-4D4B-9DFA-CF649C796F4C} = {02EA681E-C7D8-13C7-8484-4AC65E1B71E8}
		{DDAB5D95-B006-42BC-A999-6C566A13C429} = {02EA681E-C7D8-13C7-8484-4AC65E1B71E8}
		{E091D823-2C2D-47DE-9B78-8D06E928C9D4} = {02EA681E-C7D8-13C7-8484-4AC65E1B71E8}
		{B065E850-FEB9-4611-A439-6F09EF3C1601} = {02EA681E-C7D8-13C7-8484-4AC65E1B71E8}
		{59B91EE7-2164-46E5-AB4F-449E35C8756A} = {02EA681E-C7D8-13C7-8484-4AC65E1B71E8}
		{1C0B633F-24D8-4CFC-8633-FC438089B07B} = {02EA681E-C7D8-13C7-8484-4AC65E1B71E8}
		{4305D56B-1C4E-4EC2-BBF7-B705E67F3CEF} = {02EA681E-C7D8-13C7-8484-4AC65E1B71E8}
	EndGlobalSection
	GlobalSection(ExtensibilityGlobals) = postSolution
		SolutionGuid = {C0973D9E-24D6-4C51-ACAD-C93719060FF0}
	EndGlobalSection
EndGlobal
